// !$*UTF8*$!
{
	archiveVersion = 1;
	classes = {
	};
	objectVersion = 46;
	objects = {

/* Begin PBXBuildFile section */
		B50AB97C1FA0755B00FF4BAD /* ColorBook.swift in Sources */ = {isa = PBXBuildFile; fileRef = B50AB97B1FA0755B00FF4BAD /* ColorBook.swift */; };
		B558205A20849E610073323E /* QuestionBook.swift in Sources */ = {isa = PBXBuildFile; fileRef = B558205920849E610073323E /* QuestionBook.swift */; };
		B57B6E901EC61B9000DF4AE2 /* AppDelegate.swift in Sources */ = {isa = PBXBuildFile; fileRef = B57B6E8F1EC61B9000DF4AE2 /* AppDelegate.swift */; };
		B57B6E921EC61B9000DF4AE2 /* GameController.swift in Sources */ = {isa = PBXBuildFile; fileRef = B57B6E911EC61B9000DF4AE2 /* GameController.swift */; };
		B57B6E951EC61B9000DF4AE2 /* Main.storyboard in Resources */ = {isa = PBXBuildFile; fileRef = B57B6E931EC61B9000DF4AE2 /* Main.storyboard */; };
		B57B6E971EC61B9000DF4AE2 /* Assets.xcassets in Resources */ = {isa = PBXBuildFile; fileRef = B57B6E961EC61B9000DF4AE2 /* Assets.xcassets */; };
		B57B6E9A1EC61B9000DF4AE2 /* LaunchScreen.storyboard in Resources */ = {isa = PBXBuildFile; fileRef = B57B6E981EC61B9000DF4AE2 /* LaunchScreen.storyboard */; };
		B57B6EA41EC61CBB00DF4AE2 /* Game.swift in Sources */ = {isa = PBXBuildFile; fileRef = B57B6EA31EC61CBB00DF4AE2 /* Game.swift */; };
		B5A300CD1F9909DA00921A02 /* correct.wav in Resources */ = {isa = PBXBuildFile; fileRef = B5A300CB1F9909DA00921A02 /* correct.wav */; };
		B5A300CE1F9909DA00921A02 /* incorrect.wav in Resources */ = {isa = PBXBuildFile; fileRef = B5A300CC1F9909DA00921A02 /* incorrect.wav */; };
		B5A7601E1F09421D00612D25 /* ModalController.swift in Sources */ = {isa = PBXBuildFile; fileRef = B5A7601D1F09421D00612D25 /* ModalController.swift */; };
		B5DC95BD1F15231900CFC1A0 /* ScoreController.swift in Sources */ = {isa = PBXBuildFile; fileRef = B5DC95BC1F15231900CFC1A0 /* ScoreController.swift */; };
/* End PBXBuildFile section */

/* Begin PBXFileReference section */
		B50AB97B1FA0755B00FF4BAD /* ColorBook.swift */ = {isa = PBXFileReference; lastKnownFileType = sourcecode.swift; path = ColorBook.swift; sourceTree = "<group>"; };
		B558205920849E610073323E /* QuestionBook.swift */ = {isa = PBXFileReference; lastKnownFileType = sourcecode.swift; path = QuestionBook.swift; sourceTree = "<group>"; };
		B57B6E8C1EC61B9000DF4AE2 /* Quizzly.app */ = {isa = PBXFileReference; explicitFileType = wrapper.application; includeInIndex = 0; path = Quizzly.app; sourceTree = BUILT_PRODUCTS_DIR; };
		B57B6E8F1EC61B9000DF4AE2 /* AppDelegate.swift */ = {isa = PBXFileReference; lastKnownFileType = sourcecode.swift; path = AppDelegate.swift; sourceTree = "<group>"; };
		B57B6E911EC61B9000DF4AE2 /* GameController.swift */ = {isa = PBXFileReference; lastKnownFileType = sourcecode.swift; path = GameController.swift; sourceTree = "<group>"; };
		B57B6E941EC61B9000DF4AE2 /* Base */ = {isa = PBXFileReference; lastKnownFileType = file.storyboard; name = Base; path = Base.lproj/Main.storyboard; sourceTree = "<group>"; };
		B57B6E961EC61B9000DF4AE2 /* Assets.xcassets */ = {isa = PBXFileReference; lastKnownFileType = folder.assetcatalog; path = Assets.xcassets; sourceTree = "<group>"; };
		B57B6E991EC61B9000DF4AE2 /* Base */ = {isa = PBXFileReference; lastKnownFileType = file.storyboard; name = Base; path = Base.lproj/LaunchScreen.storyboard; sourceTree = "<group>"; };
		B57B6E9B1EC61B9000DF4AE2 /* Info.plist */ = {isa = PBXFileReference; lastKnownFileType = text.plist.xml; path = Info.plist; sourceTree = "<group>"; };
		B57B6EA31EC61CBB00DF4AE2 /* Game.swift */ = {isa = PBXFileReference; fileEncoding = 4; lastKnownFileType = sourcecode.swift; path = Game.swift; sourceTree = "<group>"; };
		B5A300CB1F9909DA00921A02 /* correct.wav */ = {isa = PBXFileReference; lastKnownFileType = audio.wav; path = correct.wav; sourceTree = "<group>"; };
		B5A300CC1F9909DA00921A02 /* incorrect.wav */ = {isa = PBXFileReference; lastKnownFileType = audio.wav; path = incorrect.wav; sourceTree = "<group>"; };
		B5A7601D1F09421D00612D25 /* ModalController.swift */ = {isa = PBXFileReference; fileEncoding = 4; lastKnownFileType = sourcecode.swift; path = ModalController.swift; sourceTree = "<group>"; };
		B5DC95BC1F15231900CFC1A0 /* ScoreController.swift */ = {isa = PBXFileReference; fileEncoding = 4; lastKnownFileType = sourcecode.swift; path = ScoreController.swift; sourceTree = "<group>"; };
/* End PBXFileReference section */

/* Begin PBXFrameworksBuildPhase section */
		B57B6E891EC61B9000DF4AE2 /* Frameworks */ = {
			isa = PBXFrameworksBuildPhase;
			buildActionMask = 2147483647;
			files = (
			);
			runOnlyForDeploymentPostprocessing = 0;
		};
/* End PBXFrameworksBuildPhase section */

/* Begin PBXGroup section */
		B57B6E831EC61B9000DF4AE2 = {
			isa = PBXGroup;
			children = (
				B57B6E8E1EC61B9000DF4AE2 /* Quizzly */,
				B57B6E8D1EC61B9000DF4AE2 /* Products */,
			);
			sourceTree = "<group>";
		};
		B57B6E8D1EC61B9000DF4AE2 /* Products */ = {
			isa = PBXGroup;
			children = (
				B57B6E8C1EC61B9000DF4AE2 /* Quizzly.app */,
			);
			name = Products;
			sourceTree = "<group>";
		};
		B57B6E8E1EC61B9000DF4AE2 /* Quizzly */ = {
			isa = PBXGroup;
			children = (
				B57B6E8F1EC61B9000DF4AE2 /* AppDelegate.swift */,
				B57B6E911EC61B9000DF4AE2 /* GameController.swift */,
				B5A7601D1F09421D00612D25 /* ModalController.swift */,
				B5DC95BC1F15231900CFC1A0 /* ScoreController.swift */,
				B59759682074E9E900D0BA64 /* Resources */,
				B57B6EA31EC61CBB00DF4AE2 /* Game.swift */,
				B558205920849E610073323E /* QuestionBook.swift */,
				B50AB97B1FA0755B00FF4BAD /* ColorBook.swift */,
				B57B6E961EC61B9000DF4AE2 /* Assets.xcassets */,
				B57B6E931EC61B9000DF4AE2 /* Main.storyboard */,
				B57B6E981EC61B9000DF4AE2 /* LaunchScreen.storyboard */,
				B57B6E9B1EC61B9000DF4AE2 /* Info.plist */,
			);
			path = Quizzly;
			sourceTree = "<group>";
		};
		B59759682074E9E900D0BA64 /* Resources */ = {
			isa = PBXGroup;
			children = (
				B5A300CB1F9909DA00921A02 /* correct.wav */,
				B5A300CC1F9909DA00921A02 /* incorrect.wav */,
			);
			path = Resources;
			sourceTree = "<group>";
		};
/* End PBXGroup section */

/* Begin PBXNativeTarget section */
		B57B6E8B1EC61B9000DF4AE2 /* Quizzly */ = {
			isa = PBXNativeTarget;
			buildConfigurationList = B57B6E9E1EC61B9000DF4AE2 /* Build configuration list for PBXNativeTarget "Quizzly" */;
			buildPhases = (
				B57B6E881EC61B9000DF4AE2 /* Sources */,
				B57B6E891EC61B9000DF4AE2 /* Frameworks */,
				B57B6E8A1EC61B9000DF4AE2 /* Resources */,
			);
			buildRules = (
			);
			dependencies = (
			);
			name = Quizzly;
			productName = Quizzly;
			productReference = B57B6E8C1EC61B9000DF4AE2 /* Quizzly.app */;
			productType = "com.apple.product-type.application";
		};
/* End PBXNativeTarget section */

/* Begin PBXProject section */
		B57B6E841EC61B9000DF4AE2 /* Project object */ = {
			isa = PBXProject;
			attributes = {
				LastSwiftUpdateCheck = 0830;
				LastUpgradeCheck = 0930;
				ORGANIZATIONNAME = "Hariidaran Tamilmaran";
				TargetAttributes = {
					B57B6E8B1EC61B9000DF4AE2 = {
						CreatedOnToolsVersion = 8.3.2;
						DevelopmentTeam = SAZ4N8HHA5;
						LastSwiftMigration = 0900;
						ProvisioningStyle = Automatic;
					};
				};
			};
			buildConfigurationList = B57B6E871EC61B9000DF4AE2 /* Build configuration list for PBXProject "Quizzly" */;
			compatibilityVersion = "Xcode 3.2";
			developmentRegion = English;
			hasScannedForEncodings = 0;
			knownRegions = (
				en,
				Base,
			);
			mainGroup = B57B6E831EC61B9000DF4AE2;
			productRefGroup = B57B6E8D1EC61B9000DF4AE2 /* Products */;
			projectDirPath = "";
			projectRoot = "";
			targets = (
				B57B6E8B1EC61B9000DF4AE2 /* Quizzly */,
			);
		};
/* End PBXProject section */

/* Begin PBXResourcesBuildPhase section */
		B57B6E8A1EC61B9000DF4AE2 /* Resources */ = {
			isa = PBXResourcesBuildPhase;
			buildActionMask = 2147483647;
			files = (
				B57B6E9A1EC61B9000DF4AE2 /* LaunchScreen.storyboard in Resources */,
				B5A300CE1F9909DA00921A02 /* incorrect.wav in Resources */,
				B5A300CD1F9909DA00921A02 /* correct.wav in Resources */,
				B57B6E971EC61B9000DF4AE2 /* Assets.xcassets in Resources */,
				B57B6E951EC61B9000DF4AE2 /* Main.storyboard in Resources */,
			);
			runOnlyForDeploymentPostprocessing = 0;
		};
/* End PBXResourcesBuildPhase section */

/* Begin PBXSourcesBuildPhase section */
		B57B6E881EC61B9000DF4AE2 /* Sources */ = {
			isa = PBXSourcesBuildPhase;
			buildActionMask = 2147483647;
			files = (
				B558205A20849E610073323E /* QuestionBook.swift in Sources */,
				B5DC95BD1F15231900CFC1A0 /* ScoreController.swift in Sources */,
				B57B6E921EC61B9000DF4AE2 /* GameController.swift in Sources */,
				B50AB97C1FA0755B00FF4BAD /* ColorBook.swift in Sources */,
				B57B6EA41EC61CBB00DF4AE2 /* Game.swift in Sources */,
				B5A7601E1F09421D00612D25 /* ModalController.swift in Sources */,
				B57B6E901EC61B9000DF4AE2 /* AppDelegate.swift in Sources */,
			);
			runOnlyForDeploymentPostprocessing = 0;
		};
/* End PBXSourcesBuildPhase section */

/* Begin PBXVariantGroup section */
		B57B6E931EC61B9000DF4AE2 /* Main.storyboard */ = {
			isa = PBXVariantGroup;
			children = (
				B57B6E941EC61B9000DF4AE2 /* Base */,
			);
			name = Main.storyboard;
			sourceTree = "<group>";
		};
		B57B6E981EC61B9000DF4AE2 /* LaunchScreen.storyboard */ = {
			isa = PBXVariantGroup;
			children = (
				B57B6E991EC61B9000DF4AE2 /* Base */,
			);
			name = LaunchScreen.storyboard;
			sourceTree = "<group>";
		};
/* End PBXVariantGroup section */

/* Begin XCBuildConfiguration section */
		B57B6E9C1EC61B9000DF4AE2 /* Debug */ = {
			isa = XCBuildConfiguration;
			buildSettings = {
				ALWAYS_SEARCH_USER_PATHS = NO;
				CLANG_ANALYZER_NONNULL = YES;
				CLANG_ANALYZER_NUMBER_OBJECT_CONVERSION = YES_AGGRESSIVE;
				CLANG_CXX_LANGUAGE_STANDARD = "gnu++0x";
				CLANG_CXX_LIBRARY = "libc++";
				CLANG_ENABLE_MODULES = YES;
				CLANG_ENABLE_OBJC_ARC = YES;
				CLANG_WARN_BLOCK_CAPTURE_AUTORELEASING = YES;
				CLANG_WARN_BOOL_CONVERSION = YES;
				CLANG_WARN_COMMA = YES;
				CLANG_WARN_CONSTANT_CONVERSION = YES;
				CLANG_WARN_DEPRECATED_OBJC_IMPLEMENTATIONS = YES;
				CLANG_WARN_DIRECT_OBJC_ISA_USAGE = YES_ERROR;
				CLANG_WARN_DOCUMENTATION_COMMENTS = YES;
				CLANG_WARN_EMPTY_BODY = YES;
				CLANG_WARN_ENUM_CONVERSION = YES;
				CLANG_WARN_INFINITE_RECURSION = YES;
				CLANG_WARN_INT_CONVERSION = YES;
				CLANG_WARN_NON_LITERAL_NULL_CONVERSION = YES;
				CLANG_WARN_OBJC_IMPLICIT_RETAIN_SELF = YES;
				CLANG_WARN_OBJC_LITERAL_CONVERSION = YES;
				CLANG_WARN_OBJC_ROOT_CLASS = YES_ERROR;
				CLANG_WARN_RANGE_LOOP_ANALYSIS = YES;
				CLANG_WARN_STRICT_PROTOTYPES = YES;
				CLANG_WARN_SUSPICIOUS_MOVE = YES;
				CLANG_WARN_UNREACHABLE_CODE = YES;
				CLANG_WARN__DUPLICATE_METHOD_MATCH = YES;
				"CODE_SIGN_IDENTITY[sdk=iphoneos*]" = "iPhone Developer";
				COPY_PHASE_STRIP = NO;
				DEBUG_INFORMATION_FORMAT = dwarf;
				ENABLE_STRICT_OBJC_MSGSEND = YES;
				ENABLE_TESTABILITY = YES;
				GCC_C_LANGUAGE_STANDARD = gnu99;
				GCC_DYNAMIC_NO_PIC = NO;
				GCC_NO_COMMON_BLOCKS = YES;
				GCC_OPTIMIZATION_LEVEL = 0;
				GCC_PREPROCESSOR_DEFINITIONS = (
					"DEBUG=1",
					"$(inherited)",
				);
				GCC_WARN_64_TO_32_BIT_CONVERSION = YES;
				GCC_WARN_ABOUT_RETURN_TYPE = YES_ERROR;
				GCC_WARN_UNDECLARED_SELECTOR = YES;
				GCC_WARN_UNINITIALIZED_AUTOS = YES_AGGRESSIVE;
				GCC_WARN_UNUSED_FUNCTION = YES;
				GCC_WARN_UNUSED_VARIABLE = YES;
				IPHONEOS_DEPLOYMENT_TARGET = 11.0;
				MTL_ENABLE_DEBUG_INFO = YES;
				ONLY_ACTIVE_ARCH = YES;
				SDKROOT = iphoneos;
				SWIFT_ACTIVE_COMPILATION_CONDITIONS = DEBUG;
				SWIFT_OPTIMIZATION_LEVEL = "-Onone";
			};
			name = Debug;
		};
		B57B6E9D1EC61B9000DF4AE2 /* Release */ = {
			isa = XCBuildConfiguration;
			buildSettings = {
				ALWAYS_SEARCH_USER_PATHS = NO;
				CLANG_ANALYZER_NONNULL = YES;
				CLANG_ANALYZER_NUMBER_OBJECT_CONVERSION = YES_AGGRESSIVE;
				CLANG_CXX_LANGUAGE_STANDARD = "gnu++0x";
				CLANG_CXX_LIBRARY = "libc++";
				CLANG_ENABLE_MODULES = YES;
				CLANG_ENABLE_OBJC_ARC = YES;
				CLANG_WARN_BLOCK_CAPTURE_AUTORELEASING = YES;
				CLANG_WARN_BOOL_CONVERSION = YES;
				CLANG_WARN_COMMA = YES;
				CLANG_WARN_CONSTANT_CONVERSION = YES;
				CLANG_WARN_DEPRECATED_OBJC_IMPLEMENTATIONS = YES;
				CLANG_WARN_DIRECT_OBJC_ISA_USAGE = YES_ERROR;
				CLANG_WARN_DOCUMENTATION_COMMENTS = YES;
				CLANG_WARN_EMPTY_BODY = YES;
				CLANG_WARN_ENUM_CONVERSION = YES;
				CLANG_WARN_INFINITE_RECURSION = YES;
				CLANG_WARN_INT_CONVERSION = YES;
				CLANG_WARN_NON_LITERAL_NULL_CONVERSION = YES;
				CLANG_WARN_OBJC_IMPLICIT_RETAIN_SELF = YES;
				CLANG_WARN_OBJC_LITERAL_CONVERSION = YES;
				CLANG_WARN_OBJC_ROOT_CLASS = YES_ERROR;
				CLANG_WARN_RANGE_LOOP_ANALYSIS = YES;
				CLANG_WARN_STRICT_PROTOTYPES = YES;
				CLANG_WARN_SUSPICIOUS_MOVE = YES;
				CLANG_WARN_UNREACHABLE_CODE = YES;
				CLANG_WARN__DUPLICATE_METHOD_MATCH = YES;
				"CODE_SIGN_IDENTITY[sdk=iphoneos*]" = "iPhone Developer";
				COPY_PHASE_STRIP = NO;
				DEBUG_INFORMATION_FORMAT = "dwarf-with-dsym";
				ENABLE_NS_ASSERTIONS = NO;
				ENABLE_STRICT_OBJC_MSGSEND = YES;
				GCC_C_LANGUAGE_STANDARD = gnu99;
				GCC_NO_COMMON_BLOCKS = YES;
				GCC_WARN_64_TO_32_BIT_CONVERSION = YES;
				GCC_WARN_ABOUT_RETURN_TYPE = YES_ERROR;
				GCC_WARN_UNDECLARED_SELECTOR = YES;
				GCC_WARN_UNINITIALIZED_AUTOS = YES_AGGRESSIVE;
				GCC_WARN_UNUSED_FUNCTION = YES;
				GCC_WARN_UNUSED_VARIABLE = YES;
				IPHONEOS_DEPLOYMENT_TARGET = 11.0;
				MTL_ENABLE_DEBUG_INFO = NO;
				SDKROOT = iphoneos;
				SWIFT_OPTIMIZATION_LEVEL = "-Owholemodule";
				VALIDATE_PRODUCT = YES;
			};
			name = Release;
		};
		B57B6E9F1EC61B9000DF4AE2 /* Debug */ = {
			isa = XCBuildConfiguration;
			buildSettings = {
				ASSETCATALOG_COMPILER_APPICON_NAME = AppIcon;
				DEVELOPMENT_TEAM = SAZ4N8HHA5;
				INFOPLIST_FILE = Quizzly/Info.plist;
				IPHONEOS_DEPLOYMENT_TARGET = 11.0;
				LD_RUNPATH_SEARCH_PATHS = "$(inherited) @executable_path/Frameworks";
				PRODUCT_BUNDLE_IDENTIFIER = c0d3rht.github.io.Quizzly;
				PRODUCT_NAME = "$(TARGET_NAME)";
				SWIFT_SWIFT3_OBJC_INFERENCE = Default;
				SWIFT_VERSION = 4.2;
			};
			name = Debug;
		};
		B57B6EA01EC61B9000DF4AE2 /* Release */ = {
			isa = XCBuildConfiguration;
			buildSettings = {
				ASSETCATALOG_COMPILER_APPICON_NAME = AppIcon;
				DEVELOPMENT_TEAM = SAZ4N8HHA5;
				INFOPLIST_FILE = Quizzly/Info.plist;
				IPHONEOS_DEPLOYMENT_TARGET = 11.0;
				LD_RUNPATH_SEARCH_PATHS = "$(inherited) @executable_path/Frameworks";
				PRODUCT_BUNDLE_IDENTIFIER = c0d3rht.github.io.Quizzly;
				PRODUCT_NAME = "$(TARGET_NAME)";
				SWIFT_SWIFT3_OBJC_INFERENCE = Default;
				SWIFT_VERSION = 4.2;
			};
			name = Release;
		};
/* End XCBuildConfiguration section */

/* Begin XCConfigurationList section */
		B57B6E871EC61B9000DF4AE2 /* Build configuration list for PBXProject "Quizzly" */ = {
			isa = XCConfigurationList;
			buildConfigurations = (
				B57B6E9C1EC61B9000DF4AE2 /* Debug */,
				B57B6E9D1EC61B9000DF4AE2 /* Release */,
			);
			defaultConfigurationIsVisible = 0;
			defaultConfigurationName = Release;
		};
		B57B6E9E1EC61B9000DF4AE2 /* Build configuration list for PBXNativeTarget "Quizzly" */ = {
			isa = XCConfigurationList;
			buildConfigurations = (
				B57B6E9F1EC61B9000DF4AE2 /* Debug */,
				B57B6EA01EC61B9000DF4AE2 /* Release */,
			);
			defaultConfigurationIsVisible = 0;
			defaultConfigurationName = Release;
		};
/* End XCConfigurationList section */
	};
	rootObject = B57B6E841EC61B9000DF4AE2 /* Project object */;
}
